// !$*UTF8*$!
{
	archiveVersion = 1;
	classes = {
	};
	objectVersion = 50;
	objects = {

/* Begin PBXBuildFile section */
		46BF2FD922FDB3A6009FCFAC /* AppDelegate.swift in Sources */ = {isa = PBXBuildFile; fileRef = 46BF2FD822FDB3A6009FCFAC /* AppDelegate.swift */; };
		46BF2FDB22FDB3A6009FCFAC /* ViewController.swift in Sources */ = {isa = PBXBuildFile; fileRef = 46BF2FDA22FDB3A6009FCFAC /* ViewController.swift */; };
		46BF2FDE22FDB3A6009FCFAC /* Main.storyboard in Resources */ = {isa = PBXBuildFile; fileRef = 46BF2FDC22FDB3A6009FCFAC /* Main.storyboard */; };
		46BF2FE022FDB3A7009FCFAC /* Assets.xcassets in Resources */ = {isa = PBXBuildFile; fileRef = 46BF2FDF22FDB3A7009FCFAC /* Assets.xcassets */; };
		46BF2FE322FDB3A7009FCFAC /* LaunchScreen.storyboard in Resources */ = {isa = PBXBuildFile; fileRef = 46BF2FE122FDB3A7009FCFAC /* LaunchScreen.storyboard */; };
/* End PBXBuildFile section */

/* Begin PBXFileReference section */
		46BF2FD522FDB3A6009FCFAC /* JumboCodeTest.app */ = {isa = PBXFileReference; explicitFileType = wrapper.application; includeInIndex = 0; path = JumboCodeTest.app; sourceTree = BUILT_PRODUCTS_DIR; };
		46BF2FD822FDB3A6009FCFAC /* AppDelegate.swift */ = {isa = PBXFileReference; lastKnownFileType = sourcecode.swift; path = AppDelegate.swift; sourceTree = "<group>"; };
		46BF2FDA22FDB3A6009FCFAC /* ViewController.swift */ = {isa = PBXFileReference; lastKnownFileType = sourcecode.swift; path = ViewController.swift; sourceTree = "<group>"; };
		46BF2FDD22FDB3A6009FCFAC /* Base */ = {isa = PBXFileReference; lastKnownFileType = file.storyboard; name = Base; path = Base.lproj/Main.storyboard; sourceTree = "<group>"; };
		46BF2FDF22FDB3A7009FCFAC /* Assets.xcassets */ = {isa = PBXFileReference; lastKnownFileType = folder.assetcatalog; path = Assets.xcassets; sourceTree = "<group>"; };
		46BF2FE222FDB3A7009FCFAC /* Base */ = {isa = PBXFileReference; lastKnownFileType = file.storyboard; name = Base; path = Base.lproj/LaunchScreen.storyboard; sourceTree = "<group>"; };
		46BF2FE422FDB3A7009FCFAC /* Info.plist */ = {isa = PBXFileReference; lastKnownFileType = text.plist.xml; path = Info.plist; sourceTree = "<group>"; };
/* End PBXFileReference section */

/* Begin PBXFrameworksBuildPhase section */
		46BF2FD222FDB3A6009FCFAC /* Frameworks */ = {
			isa = PBXFrameworksBuildPhase;
			buildActionMask = 2147483647;
			files = (
			);
			runOnlyForDeploymentPostprocessing = 0;
		};
/* End PBXFrameworksBuildPhase section */

/* Begin PBXGroup section */
		46BF2FCC22FDB3A6009FCFAC = {
			isa = PBXGroup;
			children = (
				46BF2FD722FDB3A6009FCFAC /* JumboCodeTest */,
				46BF2FD622FDB3A6009FCFAC /* Products */,
			);
			sourceTree = "<group>";
		};
		46BF2FD622FDB3A6009FCFAC /* Products */ = {
			isa = PBXGroup;
			children = (
				46BF2FD522FDB3A6009FCFAC /* JumboCodeTest.app */,
			);
			name = Products;
			sourceTree = "<group>";
		};
		46BF2FD722FDB3A6009FCFAC /* JumboCodeTest */ = {
			isa = PBXGroup;
			children = (
				46BF2FD822FDB3A6009FCFAC /* AppDelegate.swift */,
				46BF2FDA22FDB3A6009FCFAC /* ViewController.swift */,
				46BF2FDC22FDB3A6009FCFAC /* Main.storyboard */,
				46BF2FDF22FDB3A7009FCFAC /* Assets.xcassets */,
				46BF2FE122FDB3A7009FCFAC /* LaunchScreen.storyboard */,
				46BF2FE422FDB3A7009FCFAC /* Info.plist */,
			);
			path = JumboCodeTest;
			sourceTree = "<group>";
		};
/* End PBXGroup section */

/* Begin PBXNativeTarget section */
		46BF2FD422FDB3A6009FCFAC /* JumboCodeTest */ = {
			isa = PBXNativeTarget;
			buildConfigurationList = 46BF2FE722FDB3A7009FCFAC /* Build configuration list for PBXNativeTarget "JumboCodeTest" */;
			buildPhases = (
				46BF2FD122FDB3A6009FCFAC /* Sources */,
				46BF2FD222FDB3A6009FCFAC /* Frameworks */,
				46BF2FD322FDB3A6009FCFAC /* Resources */,
			);
			buildRules = (
			);
			dependencies = (
			);
			name = JumboCodeTest;
			productName = JumboCodeTest;
			productReference = 46BF2FD522FDB3A6009FCFAC /* JumboCodeTest.app */;
			productType = "com.apple.product-type.application";
		};
/* End PBXNativeTarget section */

/* Begin PBXProject section */
		46BF2FCD22FDB3A6009FCFAC /* Project object */ = {
			isa = PBXProject;
			attributes = {
				LastSwiftUpdateCheck = 1030;
				LastUpgradeCheck = 1030;
				ORGANIZATIONNAME = "Joel Youngblood";
				TargetAttributes = {
					46BF2FD422FDB3A6009FCFAC = {
						CreatedOnToolsVersion = 10.3;
					};
				};
			};
			buildConfigurationList = 46BF2FD022FDB3A6009FCFAC /* Build configuration list for PBXProject "JumboCodeTest" */;
			compatibilityVersion = "Xcode 9.3";
			developmentRegion = en;
			hasScannedForEncodings = 0;
			knownRegions = (
				en,
				Base,
			);
			mainGroup = 46BF2FCC22FDB3A6009FCFAC;
			productRefGroup = 46BF2FD622FDB3A6009FCFAC /* Products */;
			projectDirPath = "";
			projectRoot = "";
			targets = (
				46BF2FD422FDB3A6009FCFAC /* JumboCodeTest */,
			);
		};
/* End PBXProject section */

/* Begin PBXResourcesBuildPhase section */
		46BF2FD322FDB3A6009FCFAC /* Resources */ = {
			isa = PBXResourcesBuildPhase;
			buildActionMask = 2147483647;
			files = (
				46BF2FE322FDB3A7009FCFAC /* LaunchScreen.storyboard in Resources */,
				46BF2FE022FDB3A7009FCFAC /* Assets.xcassets in Resources */,
				46BF2FDE22FDB3A6009FCFAC /* Main.storyboard in Resources */,
			);
			runOnlyForDeploymentPostprocessing = 0;
		};
/* End PBXResourcesBuildPhase section */

/* Begin PBXSourcesBuildPhase section */
		46BF2FD122FDB3A6009FCFAC /* Sources */ = {
			isa = PBXSourcesBuildPhase;
			buildActionMask = 2147483647;
			files = (
				46BF2FDB22FDB3A6009FCFAC /* ViewController.swift in Sources */,
				46BF2FD922FDB3A6009FCFAC /* AppDelegate.swift in Sources */,
			);
			runOnlyForDeploymentPostprocessing = 0;
		};
/* End PBXSourcesBuildPhase section */

/* Begin PBXVariantGroup section */
		46BF2FDC22FDB3A6009FCFAC /* Main.storyboard */ = {
			isa = PBXVariantGroup;
			children = (
				46BF2FDD22FDB3A6009FCFAC /* Base */,
			);
			name = Main.storyboard;
			sourceTree = "<group>";
		};
		46BF2FE122FDB3A7009FCFAC /* LaunchScreen.storyboard */ = {
			isa = PBXVariantGroup;
			children = (
				46BF2FE222FDB3A7009FCFAC /* Base */,
			);
			name = LaunchScreen.storyboard;
			sourceTree = "<group>";
		};
/* End PBXVariantGroup section */

/* Begin XCBuildConfiguration section */
		46BF2FE522FDB3A7009FCFAC /* Debug */ = {
			isa = XCBuildConfiguration;
			buildSettings = {
				ALWAYS_SEARCH_USER_PATHS = NO;
				CLANG_ANALYZER_NONNULL = YES;
				CLANG_ANALYZER_NUMBER_OBJECT_CONVERSION = YES_AGGRESSIVE;
				CLANG_CXX_LANGUAGE_STANDARD = "gnu++14";
				CLANG_CXX_LIBRARY = "libc++";
				CLANG_ENABLE_MODULES = YES;
				CLANG_ENABLE_OBJC_ARC = YES;
				CLANG_ENABLE_OBJC_WEAK = YES;
				CLANG_WARN_BLOCK_CAPTURE_AUTORELEASING = YES;
				CLANG_WARN_BOOL_CONVERSION = YES;
				CLANG_WARN_COMMA = YES;
				CLANG_WARN_CONSTANT_CONVERSION = YES;
				CLANG_WARN_DEPRECATED_OBJC_IMPLEMENTATIONS = YES;
				CLANG_WARN_DIRECT_OBJC_ISA_USAGE = YES_ERROR;
				CLANG_WARN_DOCUMENTATION_COMMENTS = YES;
				CLANG_WARN_EMPTY_BODY = YES;
				CLANG_WARN_ENUM_CONVERSION = YES;
				CLANG_WARN_INFINITE_RECURSION = YES;
				CLANG_WARN_INT_CONVERSION = YES;
				CLANG_WARN_NON_LITERAL_NULL_CONVERSION = YES;
				CLANG_WARN_OBJC_IMPLICIT_RETAIN_SELF = YES;
				CLANG_WARN_OBJC_LITERAL_CONVERSION = YES;
				CLANG_WARN_OBJC_ROOT_CLASS = YES_ERROR;
				CLANG_WARN_RANGE_LOOP_ANALYSIS = YES;
				CLANG_WARN_STRICT_PROTOTYPES = YES;
				CLANG_WARN_SUSPICIOUS_MOVE = YES;
				CLANG_WARN_UNGUARDED_AVAILABILITY = YES_AGGRESSIVE;
				CLANG_WARN_UNREACHABLE_CODE = YES;
				CLANG_WARN__DUPLICATE_METHOD_MATCH = YES;
				CODE_SIGN_IDENTITY = "iPhone Developer";
				COPY_PHASE_STRIP = NO;
				DEBUG_INFORMATION_FORMAT = dwarf;
				ENABLE_STRICT_OBJC_MSGSEND = YES;
				ENABLE_TESTABILITY = YES;
				GCC_C_LANGUAGE_STANDARD = gnu11;
				GCC_DYNAMIC_NO_PIC = NO;
				GCC_NO_COMMON_BLOCKS = YES;
				GCC_OPTIMIZATION_LEVEL = 0;
				GCC_PREPROCESSOR_DEFINITIONS = (
					"DEBUG=1",
					"$(inherited)",
				);
				GCC_WARN_64_TO_32_BIT_CONVERSION = YES;
				GCC_WARN_ABOUT_RETURN_TYPE = YES_ERROR;
				GCC_WARN_UNDECLARED_SELECTOR = YES;
				GCC_WARN_UNINITIALIZED_AUTOS = YES_AGGRESSIVE;
				GCC_WARN_UNUSED_FUNCTION = YES;
				GCC_WARN_UNUSED_VARIABLE = YES;
				IPHONEOS_DEPLOYMENT_TARGET = 12.4;
				MTL_ENABLE_DEBUG_INFO = INCLUDE_SOURCE;
				MTL_FAST_MATH = YES;
				ONLY_ACTIVE_ARCH = YES;
				SDKROOT = iphoneos;
				SWIFT_ACTIVE_COMPILATION_CONDITIONS = DEBUG;
				SWIFT_OPTIMIZATION_LEVEL = "-Onone";
			};
			name = Debug;
		};
		46BF2FE622FDB3A7009FCFAC /* Release */ = {
			isa = XCBuildConfiguration;
			buildSettings = {
				ALWAYS_SEARCH_USER_PATHS = NO;
				CLANG_ANALYZER_NONNULL = YES;
				CLANG_ANALYZER_NUMBER_OBJECT_CONVERSION = YES_AGGRESSIVE;
				CLANG_CXX_LANGUAGE_STANDARD = "gnu++14";
				CLANG_CXX_LIBRARY = "libc++";
				CLANG_ENABLE_MODULES = YES;
				CLANG_ENABLE_OBJC_ARC = YES;
				CLANG_ENABLE_OBJC_WEAK = YES;
				CLANG_WARN_BLOCK_CAPTURE_AUTORELEASING = YES;
				CLANG_WARN_BOOL_CONVERSION = YES;
				CLANG_WARN_COMMA = YES;
				CLANG_WARN_CONSTANT_CONVERSION = YES;
				CLANG_WARN_DEPRECATED_OBJC_IMPLEMENTATIONS = YES;
				CLANG_WARN_DIRECT_OBJC_ISA_USAGE = YES_ERROR;
				CLANG_WARN_DOCUMENTATION_COMMENTS = YES;
				CLANG_WARN_EMPTY_BODY = YES;
				CLANG_WARN_ENUM_CONVERSION = YES;
				CLANG_WARN_INFINITE_RECURSION = YES;
				CLANG_WARN_INT_CONVERSION = YES;
				CLANG_WARN_NON_LITERAL_NULL_CONVERSION = YES;
				CLANG_WARN_OBJC_IMPLICIT_RETAIN_SELF = YES;
				CLANG_WARN_OBJC_LITERAL_CONVERSION = YES;
				CLANG_WARN_OBJC_ROOT_CLASS = YES_ERROR;
				CLANG_WARN_RANGE_LOOP_ANALYSIS = YES;
				CLANG_WARN_STRICT_PROTOTYPES = YES;
				CLANG_WARN_SUSPICIOUS_MOVE = YES;
				CLANG_WARN_UNGUARDED_AVAILABILITY = YES_AGGRESSIVE;
				CLANG_WARN_UNREACHABLE_CODE = YES;
				CLANG_WARN__DUPLICATE_METHOD_MATCH = YES;
				CODE_SIGN_IDENTITY = "iPhone Developer";
				COPY_PHASE_STRIP = NO;
				DEBUG_INFORMATION_FORMAT = "dwarf-with-dsym";
				ENABLE_NS_ASSERTIONS = NO;
				ENABLE_STRICT_OBJC_MSGSEND = YES;
				GCC_C_LANGUAGE_STANDARD = gnu11;
				GCC_NO_COMMON_BLOCKS = YES;
				GCC_WARN_64_TO_32_BIT_CONVERSION = YES;
				GCC_WARN_ABOUT_RETURN_TYPE = YES_ERROR;
				GCC_WARN_UNDECLARED_SELECTOR = YES;
				GCC_WARN_UNINITIALIZED_AUTOS = YES_AGGRESSIVE;
				GCC_WARN_UNUSED_FUNCTION = YES;
				GCC_WARN_UNUSED_VARIABLE = YES;
				IPHONEOS_DEPLOYMENT_TARGET = 12.4;
				MTL_ENABLE_DEBUG_INFO = NO;
				MTL_FAST_MATH = YES;
				SDKROOT = iphoneos;
				SWIFT_COMPILATION_MODE = wholemodule;
				SWIFT_OPTIMIZATION_LEVEL = "-O";
				VALIDATE_PRODUCT = YES;
			};
			name = Release;
		};
		46BF2FE822FDB3A7009FCFAC /* Debug */ = {
			isa = XCBuildConfiguration;
			buildSettings = {
				ASSETCATALOG_COMPILER_APPICON_NAME = AppIcon;
				CODE_SIGN_STYLE = Automatic;
				DEVELOPMENT_TEAM = 6D5VRUPLNQ;
				INFOPLIST_FILE = JumboCodeTest/Info.plist;
				LD_RUNPATH_SEARCH_PATHS = (
					"$(inherited)",
					"@executable_path/Frameworks",
				);
				PRODUCT_BUNDLE_IDENTIFIER = com.youngblood.JumboCodeTest;
				PRODUCT_NAME = "$(TARGET_NAME)";
				SWIFT_VERSION = 5.0;
				TARGETED_DEVICE_FAMILY = "1,2";
			};
			name = Debug;
		};
		46BF2FE922FDB3A7009FCFAC /* Release */ = {
			isa = XCBuildConfiguration;
			buildSettings = {
				ASSETCATALOG_COMPILER_APPICON_NAME = AppIcon;
				CODE_SIGN_STYLE = Automatic;
				DEVELOPMENT_TEAM = 6D5VRUPLNQ;
				INFOPLIST_FILE = JumboCodeTest/Info.plist;
				LD_RUNPATH_SEARCH_PATHS = (
					"$(inherited)",
					"@executable_path/Frameworks",
				);
				PRODUCT_BUNDLE_IDENTIFIER = com.youngblood.JumboCodeTest;
				PRODUCT_NAME = "$(TARGET_NAME)";
				SWIFT_VERSION = 5.0;
				TARGETED_DEVICE_FAMILY = "1,2";
			};
			name = Release;
		};
/* End XCBuildConfiguration section */

/* Begin XCConfigurationList section */
		46BF2FD022FDB3A6009FCFAC /* Build configuration list for PBXProject "JumboCodeTest" */ = {
			isa = XCConfigurationList;
			buildConfigurations = (
				46BF2FE522FDB3A7009FCFAC /* Debug */,
				46BF2FE622FDB3A7009FCFAC /* Release */,
			);
			defaultConfigurationIsVisible = 0;
			defaultConfigurationName = Release;
		};
		46BF2FE722FDB3A7009FCFAC /* Build configuration list for PBXNativeTarget "JumboCodeTest" */ = {
			isa = XCConfigurationList;
			buildConfigurations = (
				46BF2FE822FDB3A7009FCFAC /* Debug */,
				46BF2FE922FDB3A7009FCFAC /* Release */,
			);
			defaultConfigurationIsVisible = 0;
			defaultConfigurationName = Release;
		};
/* End XCConfigurationList section */
	};
	rootObject = 46BF2FCD22FDB3A6009FCFAC /* Project object */;
}
